// !$*UTF8*$!
{
	archiveVersion = 1;
	classes = {
	};
	objectVersion = 50;
	objects = {

/* Begin PBXBuildFile section */
		9C3957022190A64900FAC8B1 /* AppDelegate.swift in Sources */ = {isa = PBXBuildFile; fileRef = 9C3957012190A64900FAC8B1 /* AppDelegate.swift */; };
		9C3957042190A64900FAC8B1 /* DocumentBrowserViewController.swift in Sources */ = {isa = PBXBuildFile; fileRef = 9C3957032190A64900FAC8B1 /* DocumentBrowserViewController.swift */; };
		9C3957062190A64900FAC8B1 /* DocumentViewController.swift in Sources */ = {isa = PBXBuildFile; fileRef = 9C3957052190A64900FAC8B1 /* DocumentViewController.swift */; };
		9C3957082190A64900FAC8B1 /* Document.swift in Sources */ = {isa = PBXBuildFile; fileRef = 9C3957072190A64900FAC8B1 /* Document.swift */; };
		9C39570B2190A64900FAC8B1 /* Main.storyboard in Resources */ = {isa = PBXBuildFile; fileRef = 9C3957092190A64900FAC8B1 /* Main.storyboard */; };
		9C39570D2190A64A00FAC8B1 /* Assets.xcassets in Resources */ = {isa = PBXBuildFile; fileRef = 9C39570C2190A64A00FAC8B1 /* Assets.xcassets */; };
		9C3957102190A64A00FAC8B1 /* LaunchScreen.storyboard in Resources */ = {isa = PBXBuildFile; fileRef = 9C39570E2190A64A00FAC8B1 /* LaunchScreen.storyboard */; };
		9C39571B2190A64A00FAC8B1 /* PersistedImageGalleryTests.swift in Sources */ = {isa = PBXBuildFile; fileRef = 9C39571A2190A64A00FAC8B1 /* PersistedImageGalleryTests.swift */; };
		9C3957262190A64A00FAC8B1 /* PersistedImageGalleryUITests.swift in Sources */ = {isa = PBXBuildFile; fileRef = 9C3957252190A64A00FAC8B1 /* PersistedImageGalleryUITests.swift */; };
/* End PBXBuildFile section */

/* Begin PBXContainerItemProxy section */
		9C3957172190A64A00FAC8B1 /* PBXContainerItemProxy */ = {
			isa = PBXContainerItemProxy;
			containerPortal = 9C3956F62190A64900FAC8B1 /* Project object */;
			proxyType = 1;
			remoteGlobalIDString = 9C3956FD2190A64900FAC8B1;
			remoteInfo = PersistedImageGallery;
		};
		9C3957222190A64A00FAC8B1 /* PBXContainerItemProxy */ = {
			isa = PBXContainerItemProxy;
			containerPortal = 9C3956F62190A64900FAC8B1 /* Project object */;
			proxyType = 1;
			remoteGlobalIDString = 9C3956FD2190A64900FAC8B1;
			remoteInfo = PersistedImageGallery;
		};
/* End PBXContainerItemProxy section */

/* Begin PBXFileReference section */
		9C3956FE2190A64900FAC8B1 /* PersistedImageGallery.app */ = {isa = PBXFileReference; explicitFileType = wrapper.application; includeInIndex = 0; path = PersistedImageGallery.app; sourceTree = BUILT_PRODUCTS_DIR; };
		9C3957012190A64900FAC8B1 /* AppDelegate.swift */ = {isa = PBXFileReference; lastKnownFileType = sourcecode.swift; path = AppDelegate.swift; sourceTree = "<group>"; };
		9C3957032190A64900FAC8B1 /* DocumentBrowserViewController.swift */ = {isa = PBXFileReference; lastKnownFileType = sourcecode.swift; path = DocumentBrowserViewController.swift; sourceTree = "<group>"; };
		9C3957052190A64900FAC8B1 /* DocumentViewController.swift */ = {isa = PBXFileReference; lastKnownFileType = sourcecode.swift; path = DocumentViewController.swift; sourceTree = "<group>"; };
		9C3957072190A64900FAC8B1 /* Document.swift */ = {isa = PBXFileReference; lastKnownFileType = sourcecode.swift; path = Document.swift; sourceTree = "<group>"; };
		9C39570A2190A64900FAC8B1 /* Base */ = {isa = PBXFileReference; lastKnownFileType = file.storyboard; name = Base; path = Base.lproj/Main.storyboard; sourceTree = "<group>"; };
		9C39570C2190A64A00FAC8B1 /* Assets.xcassets */ = {isa = PBXFileReference; lastKnownFileType = folder.assetcatalog; path = Assets.xcassets; sourceTree = "<group>"; };
		9C39570F2190A64A00FAC8B1 /* Base */ = {isa = PBXFileReference; lastKnownFileType = file.storyboard; name = Base; path = Base.lproj/LaunchScreen.storyboard; sourceTree = "<group>"; };
		9C3957112190A64A00FAC8B1 /* Info.plist */ = {isa = PBXFileReference; lastKnownFileType = text.plist.xml; path = Info.plist; sourceTree = "<group>"; };
		9C3957162190A64A00FAC8B1 /* PersistedImageGalleryTests.xctest */ = {isa = PBXFileReference; explicitFileType = wrapper.cfbundle; includeInIndex = 0; path = PersistedImageGalleryTests.xctest; sourceTree = BUILT_PRODUCTS_DIR; };
		9C39571A2190A64A00FAC8B1 /* PersistedImageGalleryTests.swift */ = {isa = PBXFileReference; lastKnownFileType = sourcecode.swift; path = PersistedImageGalleryTests.swift; sourceTree = "<group>"; };
		9C39571C2190A64A00FAC8B1 /* Info.plist */ = {isa = PBXFileReference; lastKnownFileType = text.plist.xml; path = Info.plist; sourceTree = "<group>"; };
		9C3957212190A64A00FAC8B1 /* PersistedImageGalleryUITests.xctest */ = {isa = PBXFileReference; explicitFileType = wrapper.cfbundle; includeInIndex = 0; path = PersistedImageGalleryUITests.xctest; sourceTree = BUILT_PRODUCTS_DIR; };
		9C3957252190A64A00FAC8B1 /* PersistedImageGalleryUITests.swift */ = {isa = PBXFileReference; lastKnownFileType = sourcecode.swift; path = PersistedImageGalleryUITests.swift; sourceTree = "<group>"; };
		9C3957272190A64A00FAC8B1 /* Info.plist */ = {isa = PBXFileReference; lastKnownFileType = text.plist.xml; path = Info.plist; sourceTree = "<group>"; };
/* End PBXFileReference section */

/* Begin PBXFrameworksBuildPhase section */
		9C3956FB2190A64900FAC8B1 /* Frameworks */ = {
			isa = PBXFrameworksBuildPhase;
			buildActionMask = 2147483647;
			files = (
			);
			runOnlyForDeploymentPostprocessing = 0;
		};
		9C3957132190A64A00FAC8B1 /* Frameworks */ = {
			isa = PBXFrameworksBuildPhase;
			buildActionMask = 2147483647;
			files = (
			);
			runOnlyForDeploymentPostprocessing = 0;
		};
		9C39571E2190A64A00FAC8B1 /* Frameworks */ = {
			isa = PBXFrameworksBuildPhase;
			buildActionMask = 2147483647;
			files = (
			);
			runOnlyForDeploymentPostprocessing = 0;
		};
/* End PBXFrameworksBuildPhase section */

/* Begin PBXGroup section */
		9C3956F52190A64900FAC8B1 = {
			isa = PBXGroup;
			children = (
				9C3957002190A64900FAC8B1 /* PersistedImageGallery */,
				9C3957192190A64A00FAC8B1 /* PersistedImageGalleryTests */,
				9C3957242190A64A00FAC8B1 /* PersistedImageGalleryUITests */,
				9C3956FF2190A64900FAC8B1 /* Products */,
			);
			sourceTree = "<group>";
		};
		9C3956FF2190A64900FAC8B1 /* Products */ = {
			isa = PBXGroup;
			children = (
				9C3956FE2190A64900FAC8B1 /* PersistedImageGallery.app */,
				9C3957162190A64A00FAC8B1 /* PersistedImageGalleryTests.xctest */,
				9C3957212190A64A00FAC8B1 /* PersistedImageGalleryUITests.xctest */,
			);
			name = Products;
			sourceTree = "<group>";
		};
		9C3957002190A64900FAC8B1 /* PersistedImageGallery */ = {
			isa = PBXGroup;
			children = (
				9C3957012190A64900FAC8B1 /* AppDelegate.swift */,
				9C3957032190A64900FAC8B1 /* DocumentBrowserViewController.swift */,
				9C3957052190A64900FAC8B1 /* DocumentViewController.swift */,
				9C3957072190A64900FAC8B1 /* Document.swift */,
				9C3957092190A64900FAC8B1 /* Main.storyboard */,
				9C39570C2190A64A00FAC8B1 /* Assets.xcassets */,
				9C39570E2190A64A00FAC8B1 /* LaunchScreen.storyboard */,
				9C3957112190A64A00FAC8B1 /* Info.plist */,
			);
			path = PersistedImageGallery;
			sourceTree = "<group>";
		};
		9C3957192190A64A00FAC8B1 /* PersistedImageGalleryTests */ = {
			isa = PBXGroup;
			children = (
				9C39571A2190A64A00FAC8B1 /* PersistedImageGalleryTests.swift */,
				9C39571C2190A64A00FAC8B1 /* Info.plist */,
			);
			path = PersistedImageGalleryTests;
			sourceTree = "<group>";
		};
		9C3957242190A64A00FAC8B1 /* PersistedImageGalleryUITests */ = {
			isa = PBXGroup;
			children = (
				9C3957252190A64A00FAC8B1 /* PersistedImageGalleryUITests.swift */,
				9C3957272190A64A00FAC8B1 /* Info.plist */,
			);
			path = PersistedImageGalleryUITests;
			sourceTree = "<group>";
		};
/* End PBXGroup section */

/* Begin PBXNativeTarget section */
		9C3956FD2190A64900FAC8B1 /* PersistedImageGallery */ = {
			isa = PBXNativeTarget;
			buildConfigurationList = 9C39572A2190A64A00FAC8B1 /* Build configuration list for PBXNativeTarget "PersistedImageGallery" */;
			buildPhases = (
				9C3956FA2190A64900FAC8B1 /* Sources */,
				9C3956FB2190A64900FAC8B1 /* Frameworks */,
				9C3956FC2190A64900FAC8B1 /* Resources */,
			);
			buildRules = (
			);
			dependencies = (
			);
			name = PersistedImageGallery;
			productName = PersistedImageGallery;
			productReference = 9C3956FE2190A64900FAC8B1 /* PersistedImageGallery.app */;
			productType = "com.apple.product-type.application";
		};
		9C3957152190A64A00FAC8B1 /* PersistedImageGalleryTests */ = {
			isa = PBXNativeTarget;
			buildConfigurationList = 9C39572D2190A64A00FAC8B1 /* Build configuration list for PBXNativeTarget "PersistedImageGalleryTests" */;
			buildPhases = (
				9C3957122190A64A00FAC8B1 /* Sources */,
				9C3957132190A64A00FAC8B1 /* Frameworks */,
				9C3957142190A64A00FAC8B1 /* Resources */,
			);
			buildRules = (
			);
			dependencies = (
				9C3957182190A64A00FAC8B1 /* PBXTargetDependency */,
			);
			name = PersistedImageGalleryTests;
			productName = PersistedImageGalleryTests;
			productReference = 9C3957162190A64A00FAC8B1 /* PersistedImageGalleryTests.xctest */;
			productType = "com.apple.product-type.bundle.unit-test";
		};
		9C3957202190A64A00FAC8B1 /* PersistedImageGalleryUITests */ = {
			isa = PBXNativeTarget;
			buildConfigurationList = 9C3957302190A64A00FAC8B1 /* Build configuration list for PBXNativeTarget "PersistedImageGalleryUITests" */;
			buildPhases = (
				9C39571D2190A64A00FAC8B1 /* Sources */,
				9C39571E2190A64A00FAC8B1 /* Frameworks */,
				9C39571F2190A64A00FAC8B1 /* Resources */,
			);
			buildRules = (
			);
			dependencies = (
				9C3957232190A64A00FAC8B1 /* PBXTargetDependency */,
			);
			name = PersistedImageGalleryUITests;
			productName = PersistedImageGalleryUITests;
			productReference = 9C3957212190A64A00FAC8B1 /* PersistedImageGalleryUITests.xctest */;
			productType = "com.apple.product-type.bundle.ui-testing";
		};
/* End PBXNativeTarget section */

/* Begin PBXProject section */
		9C3956F62190A64900FAC8B1 /* Project object */ = {
			isa = PBXProject;
			attributes = {
				LastSwiftUpdateCheck = 0930;
				LastUpgradeCheck = 0930;
				ORGANIZATIONNAME = "Maurizio Pietrantuono";
				TargetAttributes = {
					9C3956FD2190A64900FAC8B1 = {
						CreatedOnToolsVersion = 9.3;
					};
					9C3957152190A64A00FAC8B1 = {
						CreatedOnToolsVersion = 9.3;
						TestTargetID = 9C3956FD2190A64900FAC8B1;
					};
					9C3957202190A64A00FAC8B1 = {
						CreatedOnToolsVersion = 9.3;
						TestTargetID = 9C3956FD2190A64900FAC8B1;
					};
				};
			};
			buildConfigurationList = 9C3956F92190A64900FAC8B1 /* Build configuration list for PBXProject "PersistedImageGallery" */;
			compatibilityVersion = "Xcode 9.3";
			developmentRegion = en;
			hasScannedForEncodings = 0;
			knownRegions = (
				en,
				Base,
			);
			mainGroup = 9C3956F52190A64900FAC8B1;
			productRefGroup = 9C3956FF2190A64900FAC8B1 /* Products */;
			projectDirPath = "";
			projectRoot = "";
			targets = (
				9C3956FD2190A64900FAC8B1 /* PersistedImageGallery */,
				9C3957152190A64A00FAC8B1 /* PersistedImageGalleryTests */,
				9C3957202190A64A00FAC8B1 /* PersistedImageGalleryUITests */,
			);
		};
/* End PBXProject section */

/* Begin PBXResourcesBuildPhase section */
		9C3956FC2190A64900FAC8B1 /* Resources */ = {
			isa = PBXResourcesBuildPhase;
			buildActionMask = 2147483647;
			files = (
				9C3957102190A64A00FAC8B1 /* LaunchScreen.storyboard in Resources */,
				9C39570D2190A64A00FAC8B1 /* Assets.xcassets in Resources */,
				9C39570B2190A64900FAC8B1 /* Main.storyboard in Resources */,
			);
			runOnlyForDeploymentPostprocessing = 0;
		};
		9C3957142190A64A00FAC8B1 /* Resources */ = {
			isa = PBXResourcesBuildPhase;
			buildActionMask = 2147483647;
			files = (
			);
			runOnlyForDeploymentPostprocessing = 0;
		};
		9C39571F2190A64A00FAC8B1 /* Resources */ = {
			isa = PBXResourcesBuildPhase;
			buildActionMask = 2147483647;
			files = (
			);
			runOnlyForDeploymentPostprocessing = 0;
		};
/* End PBXResourcesBuildPhase section */

/* Begin PBXSourcesBuildPhase section */
		9C3956FA2190A64900FAC8B1 /* Sources */ = {
			isa = PBXSourcesBuildPhase;
			buildActionMask = 2147483647;
			files = (
				9C3957082190A64900FAC8B1 /* Document.swift in Sources */,
				9C3957062190A64900FAC8B1 /* DocumentViewController.swift in Sources */,
				9C3957042190A64900FAC8B1 /* DocumentBrowserViewController.swift in Sources */,
				9C3957022190A64900FAC8B1 /* AppDelegate.swift in Sources */,
			);
			runOnlyForDeploymentPostprocessing = 0;
		};
		9C3957122190A64A00FAC8B1 /* Sources */ = {
			isa = PBXSourcesBuildPhase;
			buildActionMask = 2147483647;
			files = (
				9C39571B2190A64A00FAC8B1 /* PersistedImageGalleryTests.swift in Sources */,
			);
			runOnlyForDeploymentPostprocessing = 0;
		};
		9C39571D2190A64A00FAC8B1 /* Sources */ = {
			isa = PBXSourcesBuildPhase;
			buildActionMask = 2147483647;
			files = (
				9C3957262190A64A00FAC8B1 /* PersistedImageGalleryUITests.swift in Sources */,
			);
			runOnlyForDeploymentPostprocessing = 0;
		};
/* End PBXSourcesBuildPhase section */

/* Begin PBXTargetDependency section */
		9C3957182190A64A00FAC8B1 /* PBXTargetDependency */ = {
			isa = PBXTargetDependency;
			target = 9C3956FD2190A64900FAC8B1 /* PersistedImageGallery */;
			targetProxy = 9C3957172190A64A00FAC8B1 /* PBXContainerItemProxy */;
		};
		9C3957232190A64A00FAC8B1 /* PBXTargetDependency */ = {
			isa = PBXTargetDependency;
			target = 9C3956FD2190A64900FAC8B1 /* PersistedImageGallery */;
			targetProxy = 9C3957222190A64A00FAC8B1 /* PBXContainerItemProxy */;
		};
/* End PBXTargetDependency section */

/* Begin PBXVariantGroup section */
		9C3957092190A64900FAC8B1 /* Main.storyboard */ = {
			isa = PBXVariantGroup;
			children = (
				9C39570A2190A64900FAC8B1 /* Base */,
			);
			name = Main.storyboard;
			sourceTree = "<group>";
		};
		9C39570E2190A64A00FAC8B1 /* LaunchScreen.storyboard */ = {
			isa = PBXVariantGroup;
			children = (
				9C39570F2190A64A00FAC8B1 /* Base */,
			);
			name = LaunchScreen.storyboard;
			sourceTree = "<group>";
		};
/* End PBXVariantGroup section */

/* Begin XCBuildConfiguration section */
		9C3957282190A64A00FAC8B1 /* Debug */ = {
			isa = XCBuildConfiguration;
			buildSettings = {
				ALWAYS_SEARCH_USER_PATHS = NO;
				CLANG_ANALYZER_NONNULL = YES;
				CLANG_ANALYZER_NUMBER_OBJECT_CONVERSION = YES_AGGRESSIVE;
				CLANG_CXX_LANGUAGE_STANDARD = "gnu++14";
				CLANG_CXX_LIBRARY = "libc++";
				CLANG_ENABLE_MODULES = YES;
				CLANG_ENABLE_OBJC_ARC = YES;
				CLANG_ENABLE_OBJC_WEAK = YES;
				CLANG_WARN_BLOCK_CAPTURE_AUTORELEASING = YES;
				CLANG_WARN_BOOL_CONVERSION = YES;
				CLANG_WARN_COMMA = YES;
				CLANG_WARN_CONSTANT_CONVERSION = YES;
				CLANG_WARN_DEPRECATED_OBJC_IMPLEMENTATIONS = YES;
				CLANG_WARN_DIRECT_OBJC_ISA_USAGE = YES_ERROR;
				CLANG_WARN_DOCUMENTATION_COMMENTS = YES;
				CLANG_WARN_EMPTY_BODY = YES;
				CLANG_WARN_ENUM_CONVERSION = YES;
				CLANG_WARN_INFINITE_RECURSION = YES;
				CLANG_WARN_INT_CONVERSION = YES;
				CLANG_WARN_NON_LITERAL_NULL_CONVERSION = YES;
				CLANG_WARN_OBJC_IMPLICIT_RETAIN_SELF = YES;
				CLANG_WARN_OBJC_LITERAL_CONVERSION = YES;
				CLANG_WARN_OBJC_ROOT_CLASS = YES_ERROR;
				CLANG_WARN_RANGE_LOOP_ANALYSIS = YES;
				CLANG_WARN_STRICT_PROTOTYPES = YES;
				CLANG_WARN_SUSPICIOUS_MOVE = YES;
				CLANG_WARN_UNGUARDED_AVAILABILITY = YES_AGGRESSIVE;
				CLANG_WARN_UNREACHABLE_CODE = YES;
				CLANG_WARN__DUPLICATE_METHOD_MATCH = YES;
				CODE_SIGN_IDENTITY = "iPhone Developer";
				COPY_PHASE_STRIP = NO;
				DEBUG_INFORMATION_FORMAT = dwarf;
				ENABLE_STRICT_OBJC_MSGSEND = YES;
				ENABLE_TESTABILITY = YES;
				GCC_C_LANGUAGE_STANDARD = gnu11;
				GCC_DYNAMIC_NO_PIC = NO;
				GCC_NO_COMMON_BLOCKS = YES;
				GCC_OPTIMIZATION_LEVEL = 0;
				GCC_PREPROCESSOR_DEFINITIONS = (
					"DEBUG=1",
					"$(inherited)",
				);
				GCC_WARN_64_TO_32_BIT_CONVERSION = YES;
				GCC_WARN_ABOUT_RETURN_TYPE = YES_ERROR;
				GCC_WARN_UNDECLARED_SELECTOR = YES;
				GCC_WARN_UNINITIALIZED_AUTOS = YES_AGGRESSIVE;
				GCC_WARN_UNUSED_FUNCTION = YES;
				GCC_WARN_UNUSED_VARIABLE = YES;
				IPHONEOS_DEPLOYMENT_TARGET = 11.3;
				MTL_ENABLE_DEBUG_INFO = YES;
				ONLY_ACTIVE_ARCH = YES;
				SDKROOT = iphoneos;
				SWIFT_ACTIVE_COMPILATION_CONDITIONS = DEBUG;
				SWIFT_OPTIMIZATION_LEVEL = "-Onone";
			};
			name = Debug;
		};
		9C3957292190A64A00FAC8B1 /* Release */ = {
			isa = XCBuildConfiguration;
			buildSettings = {
				ALWAYS_SEARCH_USER_PATHS = NO;
				CLANG_ANALYZER_NONNULL = YES;
				CLANG_ANALYZER_NUMBER_OBJECT_CONVERSION = YES_AGGRESSIVE;
				CLANG_CXX_LANGUAGE_STANDARD = "gnu++14";
				CLANG_CXX_LIBRARY = "libc++";
				CLANG_ENABLE_MODULES = YES;
				CLANG_ENABLE_OBJC_ARC = YES;
				CLANG_ENABLE_OBJC_WEAK = YES;
				CLANG_WARN_BLOCK_CAPTURE_AUTORELEASING = YES;
				CLANG_WARN_BOOL_CONVERSION = YES;
				CLANG_WARN_COMMA = YES;
				CLANG_WARN_CONSTANT_CONVERSION = YES;
				CLANG_WARN_DEPRECATED_OBJC_IMPLEMENTATIONS = YES;
				CLANG_WARN_DIRECT_OBJC_ISA_USAGE = YES_ERROR;
				CLANG_WARN_DOCUMENTATION_COMMENTS = YES;
				CLANG_WARN_EMPTY_BODY = YES;
				CLANG_WARN_ENUM_CONVERSION = YES;
				CLANG_WARN_INFINITE_RECURSION = YES;
				CLANG_WARN_INT_CONVERSION = YES;
				CLANG_WARN_NON_LITERAL_NULL_CONVERSION = YES;
				CLANG_WARN_OBJC_IMPLICIT_RETAIN_SELF = YES;
				CLANG_WARN_OBJC_LITERAL_CONVERSION = YES;
				CLANG_WARN_OBJC_ROOT_CLASS = YES_ERROR;
				CLANG_WARN_RANGE_LOOP_ANALYSIS = YES;
				CLANG_WARN_STRICT_PROTOTYPES = YES;
				CLANG_WARN_SUSPICIOUS_MOVE = YES;
				CLANG_WARN_UNGUARDED_AVAILABILITY = YES_AGGRESSIVE;
				CLANG_WARN_UNREACHABLE_CODE = YES;
				CLANG_WARN__DUPLICATE_METHOD_MATCH = YES;
				CODE_SIGN_IDENTITY = "iPhone Developer";
				COPY_PHASE_STRIP = NO;
				DEBUG_INFORMATION_FORMAT = "dwarf-with-dsym";
				ENABLE_NS_ASSERTIONS = NO;
				ENABLE_STRICT_OBJC_MSGSEND = YES;
				GCC_C_LANGUAGE_STANDARD = gnu11;
				GCC_NO_COMMON_BLOCKS = YES;
				GCC_WARN_64_TO_32_BIT_CONVERSION = YES;
				GCC_WARN_ABOUT_RETURN_TYPE = YES_ERROR;
				GCC_WARN_UNDECLARED_SELECTOR = YES;
				GCC_WARN_UNINITIALIZED_AUTOS = YES_AGGRESSIVE;
				GCC_WARN_UNUSED_FUNCTION = YES;
				GCC_WARN_UNUSED_VARIABLE = YES;
				IPHONEOS_DEPLOYMENT_TARGET = 11.3;
				MTL_ENABLE_DEBUG_INFO = NO;
				SDKROOT = iphoneos;
				SWIFT_COMPILATION_MODE = wholemodule;
				SWIFT_OPTIMIZATION_LEVEL = "-O";
				VALIDATE_PRODUCT = YES;
			};
			name = Release;
		};
		9C39572B2190A64A00FAC8B1 /* Debug */ = {
			isa = XCBuildConfiguration;
			buildSettings = {
				ASSETCATALOG_COMPILER_APPICON_NAME = AppIcon;
				CODE_SIGN_STYLE = Automatic;
				DEVELOPMENT_TEAM = TJ8WHG4Q3K;
				INFOPLIST_FILE = PersistedImageGallery/Info.plist;
				LD_RUNPATH_SEARCH_PATHS = (
					"$(inherited)",
					"@executable_path/Frameworks",
				);
				PRODUCT_BUNDLE_IDENTIFIER = MP.PersistedImageGallery;
				PRODUCT_NAME = "$(TARGET_NAME)";
				SWIFT_VERSION = 4.0;
				TARGETED_DEVICE_FAMILY = "1,2";
			};
			name = Debug;
		};
		9C39572C2190A64A00FAC8B1 /* Release */ = {
			isa = XCBuildConfiguration;
			buildSettings = {
				ASSETCATALOG_COMPILER_APPICON_NAME = AppIcon;
				CODE_SIGN_STYLE = Automatic;
				DEVELOPMENT_TEAM = TJ8WHG4Q3K;
				INFOPLIST_FILE = PersistedImageGallery/Info.plist;
				LD_RUNPATH_SEARCH_PATHS = (
					"$(inherited)",
					"@executable_path/Frameworks",
				);
				PRODUCT_BUNDLE_IDENTIFIER = MP.PersistedImageGallery;
				PRODUCT_NAME = "$(TARGET_NAME)";
				SWIFT_VERSION = 4.0;
				TARGETED_DEVICE_FAMILY = "1,2";
			};
			name = Release;
		};
		9C39572E2190A64A00FAC8B1 /* Debug */ = {
			isa = XCBuildConfiguration;
			buildSettings = {
				ALWAYS_EMBED_SWIFT_STANDARD_LIBRARIES = YES;
				BUNDLE_LOADER = "$(TEST_HOST)";
				CODE_SIGN_STYLE = Automatic;
				DEVELOPMENT_TEAM = TJ8WHG4Q3K;
				INFOPLIST_FILE = PersistedImageGalleryTests/Info.plist;
				LD_RUNPATH_SEARCH_PATHS = (
					"$(inherited)",
					"@executable_path/Frameworks",
					"@loader_path/Frameworks",
				);
				PRODUCT_BUNDLE_IDENTIFIER = MP.PersistedImageGalleryTests;
				PRODUCT_NAME = "$(TARGET_NAME)";
				SWIFT_VERSION = 4.0;
				TARGETED_DEVICE_FAMILY = "1,2";
				TEST_HOST = "$(BUILT_PRODUCTS_DIR)/PersistedImageGallery.app/PersistedImageGallery";
			};
			name = Debug;
		};
		9C39572F2190A64A00FAC8B1 /* Release */ = {
			isa = XCBuildConfiguration;
			buildSettings = {
				ALWAYS_EMBED_SWIFT_STANDARD_LIBRARIES = YES;
				BUNDLE_LOADER = "$(TEST_HOST)";
				CODE_SIGN_STYLE = Automatic;
				DEVELOPMENT_TEAM = TJ8WHG4Q3K;
				INFOPLIST_FILE = PersistedImageGalleryTests/Info.plist;
				LD_RUNPATH_SEARCH_PATHS = (
					"$(inherited)",
					"@executable_path/Frameworks",
					"@loader_path/Frameworks",
				);
				PRODUCT_BUNDLE_IDENTIFIER = MP.PersistedImageGalleryTests;
				PRODUCT_NAME = "$(TARGET_NAME)";
				SWIFT_VERSION = 4.0;
				TARGETED_DEVICE_FAMILY = "1,2";
				TEST_HOST = "$(BUILT_PRODUCTS_DIR)/PersistedImageGallery.app/PersistedImageGallery";
			};
			name = Release;
		};
		9C3957312190A64A00FAC8B1 /* Debug */ = {
			isa = XCBuildConfiguration;
			buildSettings = {
				ALWAYS_EMBED_SWIFT_STANDARD_LIBRARIES = YES;
				CODE_SIGN_STYLE = Automatic;
				DEVELOPMENT_TEAM = TJ8WHG4Q3K;
				INFOPLIST_FILE = PersistedImageGalleryUITests/Info.plist;
				LD_RUNPATH_SEARCH_PATHS = (
					"$(inherited)",
					"@executable_path/Frameworks",
					"@loader_path/Frameworks",
				);
				PRODUCT_BUNDLE_IDENTIFIER = MP.PersistedImageGalleryUITests;
				PRODUCT_NAME = "$(TARGET_NAME)";
				SWIFT_VERSION = 4.0;
				TARGETED_DEVICE_FAMILY = "1,2";
				TEST_TARGET_NAME = PersistedImageGallery;
			};
			name = Debug;
		};
		9C3957322190A64A00FAC8B1 /* Release */ = {
			isa = XCBuildConfiguration;
			buildSettings = {
				ALWAYS_EMBED_SWIFT_STANDARD_LIBRARIES = YES;
				CODE_SIGN_STYLE = Automatic;
				DEVELOPMENT_TEAM = TJ8WHG4Q3K;
				INFOPLIST_FILE = PersistedImageGalleryUITests/Info.plist;
				LD_RUNPATH_SEARCH_PATHS = (
					"$(inherited)",
					"@executable_path/Frameworks",
					"@loader_path/Frameworks",
				);
				PRODUCT_BUNDLE_IDENTIFIER = MP.PersistedImageGalleryUITests;
				PRODUCT_NAME = "$(TARGET_NAME)";
				SWIFT_VERSION = 4.0;
				TARGETED_DEVICE_FAMILY = "1,2";
				TEST_TARGET_NAME = PersistedImageGallery;
			};
			name = Release;
		};
/* End XCBuildConfiguration section */

/* Begin XCConfigurationList section */
		9C3956F92190A64900FAC8B1 /* Build configuration list for PBXProject "PersistedImageGallery" */ = {
			isa = XCConfigurationList;
			buildConfigurations = (
				9C3957282190A64A00FAC8B1 /* Debug */,
				9C3957292190A64A00FAC8B1 /* Release */,
			);
			defaultConfigurationIsVisible = 0;
			defaultConfigurationName = Release;
		};
		9C39572A2190A64A00FAC8B1 /* Build configuration list for PBXNativeTarget "PersistedImageGallery" */ = {
			isa = XCConfigurationList;
			buildConfigurations = (
				9C39572B2190A64A00FAC8B1 /* Debug */,
				9C39572C2190A64A00FAC8B1 /* Release */,
			);
			defaultConfigurationIsVisible = 0;
			defaultConfigurationName = Release;
		};
		9C39572D2190A64A00FAC8B1 /* Build configuration list for PBXNativeTarget "PersistedImageGalleryTests" */ = {
			isa = XCConfigurationList;
			buildConfigurations = (
				9C39572E2190A64A00FAC8B1 /* Debug */,
				9C39572F2190A64A00FAC8B1 /* Release */,
			);
			defaultConfigurationIsVisible = 0;
			defaultConfigurationName = Release;
		};
		9C3957302190A64A00FAC8B1 /* Build configuration list for PBXNativeTarget "PersistedImageGalleryUITests" */ = {
			isa = XCConfigurationList;
			buildConfigurations = (
				9C3957312190A64A00FAC8B1 /* Debug */,
				9C3957322190A64A00FAC8B1 /* Release */,
			);
			defaultConfigurationIsVisible = 0;
			defaultConfigurationName = Release;
		};
/* End XCConfigurationList section */
	};
	rootObject = 9C3956F62190A64900FAC8B1 /* Project object */;
}
